{
  "name": "flowledger-dapp",
  "version": "1.0.0",
  "lockfileVersion": 3,
  "requires": true,
  "packages": {
    "": {
      "name": "flowledger-dapp",
      "version": "1.0.0",
      "dependencies": {
        "@earnwithalee/flowledger-sdk": "file:./packages/flowledger-sdk",
        "stacks-echo-kit": "^1.0.0"
      }
    },
    "node_modules/@earnwithalee/flowledger-sdk": {
      "resolved": "packages/flowledger-sdk",
      "link": true
    },
    "node_modules/stacks-echo-kit": {
      "version": "1.0.0",
      "resolved": "https://registry.npmjs.org/stacks-echo-kit/-/stacks-echo-kit-1.0.0.tgz",
      "integrity": "sha512-WKb2NRyGfUr6uDETQTc25WQbwzkx2jIRvadQSKdGrPw3oJfvBIPvzKJeIFwnPOt/a0mQwlN8ochSeUsZtBW1+Q==",
      "license": "MIT"
    },
    "packages/flowledger-sdk": {
      "name": "@earnwithalee/flowledger-sdk",
      "version": "1.0.0",
      "license": "MIT",
      "dependencies": {
        "stacks-echo-kit": "^1.0.0"
      }
    }
  }
}
