{
  "name": "test_pkg_install",
  "version": "1.0.0",
  "lockfileVersion": 3,
  "requires": true,
  "packages": {
    "": {
      "name": "test_pkg_install",
      "version": "1.0.0",
      "license": "ISC",
      "dependencies": {
        "stacks-echo-kit": "^1.0.1"
      }
    },
    "node_modules/stacks-echo-kit": {
      "version": "1.0.1",
      "resolved": "https://registry.npmjs.org/stacks-echo-kit/-/stacks-echo-kit-1.0.1.tgz",
      "integrity": "sha512-j8iU91riJxMf0nC8sNkAS1ZvoRRi5lPu+tMruTcEzpdh94YaPYGrGSVMceY8ZzZEhYBmCqPDOyLtX0G+SDJk1g==",
      "license": "MIT"
    }
  }
}
