{
  "name": "demo-install",
  "version": "1.0.0",
  "lockfileVersion": 3,
  "requires": true,
  "packages": {
    "": {
      "name": "demo-install",
      "version": "1.0.0",
      "license": "ISC",
      "dependencies": {
        "flowledger-dapp": "^1.0.1"
      }
    },
    "node_modules/@earnwithalee/flowledger-sdk": {
      "resolved": "node_modules/flowledger-dapp/packages/flowledger-sdk",
      "link": true
    },
    "node_modules/flowledger-dapp": {
      "version": "1.0.1",
      "resolved": "https://registry.npmjs.org/flowledger-dapp/-/flowledger-dapp-1.0.1.tgz",
      "integrity": "sha512-emckwqfN5H+t3TtPPKV+zvY0zEj376aXptYmq7m4zJ62rB+mkdps9CC5ZnGOxV9xbZVjy25DepAJmfwvZidKrw==",
      "dependencies": {
        "@earnwithalee/flowledger-sdk": "file:./packages/flowledger-sdk",
        "stacks-echo-kit": "^1.0.0"
      }
    },
    "node_modules/flowledger-dapp/packages/flowledger-sdk": {},
    "node_modules/stacks-echo-kit": {
      "version": "1.0.0",
      "resolved": "https://registry.npmjs.org/stacks-echo-kit/-/stacks-echo-kit-1.0.0.tgz",
      "integrity": "sha512-WKb2NRyGfUr6uDETQTc25WQbwzkx2jIRvadQSKdGrPw3oJfvBIPvzKJeIFwnPOt/a0mQwlN8ochSeUsZtBW1+Q==",
      "license": "MIT"
    }
  }
}
